
Microsoft Visual Studio Solution File, Format Version 12.00
# Visual Studio Version 16
VisualStudioVersion = 16.0.30517.126
MinimumVisualStudioVersion = 10.0.40219.1
Project("{2150E333-8FDC-42A3-9474-1A3956D46DE8}") = "Solution Items", "Solution Items", "{C00EFA9A-51EA-4FA6-931F-585D7EF7DA9A}"
	ProjectSection(SolutionItems) = preProject
		Behaviors a Tic Tac Toe application should do.txt = Behaviors a Tic Tac Toe application should do.txt
	EndProjectSection
EndProject
Project("{9A19103F-16F7-4668-BE54-9A1E7A4F7556}") = "Presentation_Tier", "Presentation_Tier\Presentation_Tier.csproj", "{E100A32B-4BE7-455C-8ED8-97F5F73ECE67}"
EndProject
Project("{9A19103F-16F7-4668-BE54-9A1E7A4F7556}") = "Middle_Tier", "Middle_Tier\Middle_Tier.csproj", "{43708E7C-072F-4CFD-8FA6-FE1CFD97BDD1}"
EndProject
Project("{9A19103F-16F7-4668-BE54-9A1E7A4F7556}") = "TicTacToe_Interfaces", "TicTacToe_Interfaces\TicTacToe_Interfaces.csproj", "{E6ED4C6F-2FCD-4013-8858-EED352ECE3C4}"
EndProject
Project("{9A19103F-16F7-4668-BE54-9A1E7A4F7556}") = "Middle_Tier_Tests", "Middle_Tier_Tests\Middle_Tier_Tests.csproj", "{BF482004-CE7B-47D2-9277-9432F7567A84}"
EndProject
Project("{9A19103F-16F7-4668-BE54-9A1E7A4F7556}") = "ProfReynoldsUnitTests", "ProfReynoldsUnitTests\ProfReynoldsUnitTests.csproj", "{D2288ED3-66A1-4102-8EA7-9387FAB1C92C}"
EndProject
Project("{9A19103F-16F7-4668-BE54-9A1E7A4F7556}") = "CoreLibrary", "CoreLibrary\CoreLibrary.csproj", "{60D7A0DF-EDF1-406F-A33A-C7E19C47B9A3}"
EndProject
Project("{FAE04EC0-301F-11D3-BF4B-00C04F79EFBC}") = "TicTacToeGraphics", "TicTacToeGraphics\TicTacToeGraphics.csproj", "{52C2C8DD-EE3A-466E-810C-D0F574B683F3}"
EndProject
Global
	GlobalSection(SolutionConfigurationPlatforms) = preSolution
		Debug|Any CPU = Debug|Any CPU
		Release|Any CPU = Release|Any CPU
	EndGlobalSection
	GlobalSection(ProjectConfigurationPlatforms) = postSolution
		{E100A32B-4BE7-455C-8ED8-97F5F73ECE67}.Debug|Any CPU.ActiveCfg = Debug|Any CPU
		{E100A32B-4BE7-455C-8ED8-97F5F73ECE67}.Debug|Any CPU.Build.0 = Debug|Any CPU
		{E100A32B-4BE7-455C-8ED8-97F5F73ECE67}.Release|Any CPU.ActiveCfg = Release|Any CPU
		{E100A32B-4BE7-455C-8ED8-97F5F73ECE67}.Release|Any CPU.Build.0 = Release|Any CPU
		{43708E7C-072F-4CFD-8FA6-FE1CFD97BDD1}.Debug|Any CPU.ActiveCfg = Debug|Any CPU
		{43708E7C-072F-4CFD-8FA6-FE1CFD97BDD1}.Debug|Any CPU.Build.0 = Debug|Any CPU
		{43708E7C-072F-4CFD-8FA6-FE1CFD97BDD1}.Release|Any CPU.ActiveCfg = Release|Any CPU
		{43708E7C-072F-4CFD-8FA6-FE1CFD97BDD1}.Release|Any CPU.Build.0 = Release|Any CPU
		{E6ED4C6F-2FCD-4013-8858-EED352ECE3C4}.Debug|Any CPU.ActiveCfg = Debug|Any CPU
		{E6ED4C6F-2FCD-4013-8858-EED352ECE3C4}.Debug|Any CPU.Build.0 = Debug|Any CPU
		{E6ED4C6F-2FCD-4013-8858-EED352ECE3C4}.Release|Any CPU.ActiveCfg = Release|Any CPU
		{E6ED4C6F-2FCD-4013-8858-EED352ECE3C4}.Release|Any CPU.Build.0 = Release|Any CPU
		{BF482004-CE7B-47D2-9277-9432F7567A84}.Debug|Any CPU.ActiveCfg = Debug|Any CPU
		{BF482004-CE7B-47D2-9277-9432F7567A84}.Debug|Any CPU.Build.0 = Debug|Any CPU
		{BF482004-CE7B-47D2-9277-9432F7567A84}.Release|Any CPU.ActiveCfg = Release|Any CPU
		{BF482004-CE7B-47D2-9277-9432F7567A84}.Release|Any CPU.Build.0 = Release|Any CPU
		{D2288ED3-66A1-4102-8EA7-9387FAB1C92C}.Debug|Any CPU.ActiveCfg = Debug|Any CPU
		{D2288ED3-66A1-4102-8EA7-9387FAB1C92C}.Debug|Any CPU.Build.0 = Debug|Any CPU
		{D2288ED3-66A1-4102-8EA7-9387FAB1C92C}.Release|Any CPU.ActiveCfg = Release|Any CPU
		{D2288ED3-66A1-4102-8EA7-9387FAB1C92C}.Release|Any CPU.Build.0 = Release|Any CPU
		{60D7A0DF-EDF1-406F-A33A-C7E19C47B9A3}.Debug|Any CPU.ActiveCfg = Debug|Any CPU
		{60D7A0DF-EDF1-406F-A33A-C7E19C47B9A3}.Debug|Any CPU.Build.0 = Debug|Any CPU
		{60D7A0DF-EDF1-406F-A33A-C7E19C47B9A3}.Release|Any CPU.ActiveCfg = Release|Any CPU
		{60D7A0DF-EDF1-406F-A33A-C7E19C47B9A3}.Release|Any CPU.Build.0 = Release|Any CPU
		{52C2C8DD-EE3A-466E-810C-D0F574B683F3}.Debug|Any CPU.ActiveCfg = Debug|Any CPU
		{52C2C8DD-EE3A-466E-810C-D0F574B683F3}.Debug|Any CPU.Build.0 = Debug|Any CPU
		{52C2C8DD-EE3A-466E-810C-D0F574B683F3}.Release|Any CPU.ActiveCfg = Release|Any CPU
		{52C2C8DD-EE3A-466E-810C-D0F574B683F3}.Release|Any CPU.Build.0 = Release|Any CPU
	EndGlobalSection
	GlobalSection(SolutionProperties) = preSolution
		HideSolutionNode = FALSE
	EndGlobalSection
	GlobalSection(ExtensibilityGlobals) = postSolution
		SolutionGuid = {309FBE85-0F72-41B3-8B84-77B050A7E519}
	EndGlobalSection
EndGlobal
