
Microsoft Visual Studio Solution File, Format Version 12.00
# Visual Studio Version 16
VisualStudioVersion = 16.0.30517.126
MinimumVisualStudioVersion = 10.0.40219.1
Project("{9A19103F-16F7-4668-BE54-9A1E7A4F7556}") = "CustomerAndInventory", "CustomerAndInventory\CustomerAndInventory.csproj", "{A5B5FACA-204B-403D-B3C7-FF536BFEB6CA}"
EndProject
Project("{FAE04EC0-301F-11D3-BF4B-00C04F79EFBC}") = "CustomerAndInventory_Tests", "CustomerAndInventory_Tests\CustomerAndInventory_Tests.csproj", "{CBCE905A-8E34-48C8-84C4-B21EF1896E24}"
EndProject
Global
	GlobalSection(SolutionConfigurationPlatforms) = preSolution
		Debug|Any CPU = Debug|Any CPU
		Release|Any CPU = Release|Any CPU
	EndGlobalSection
	GlobalSection(ProjectConfigurationPlatforms) = postSolution
		{A5B5FACA-204B-403D-B3C7-FF536BFEB6CA}.Debug|Any CPU.ActiveCfg = Debug|Any CPU
		{A5B5FACA-204B-403D-B3C7-FF536BFEB6CA}.Debug|Any CPU.Build.0 = Debug|Any CPU
		{A5B5FACA-204B-403D-B3C7-FF536BFEB6CA}.Release|Any CPU.ActiveCfg = Release|Any CPU
		{A5B5FACA-204B-403D-B3C7-FF536BFEB6CA}.Release|Any CPU.Build.0 = Release|Any CPU
		{CBCE905A-8E34-48C8-84C4-B21EF1896E24}.Debug|Any CPU.ActiveCfg = Debug|Any CPU
		{CBCE905A-8E34-48C8-84C4-B21EF1896E24}.Debug|Any CPU.Build.0 = Debug|Any CPU
		{CBCE905A-8E34-48C8-84C4-B21EF1896E24}.Release|Any CPU.ActiveCfg = Release|Any CPU
		{CBCE905A-8E34-48C8-84C4-B21EF1896E24}.Release|Any CPU.Build.0 = Release|Any CPU
	EndGlobalSection
	GlobalSection(SolutionProperties) = preSolution
		HideSolutionNode = FALSE
	EndGlobalSection
	GlobalSection(ExtensibilityGlobals) = postSolution
		SolutionGuid = {B18E33C0-2BD8-4AEF-9016-2F207CEA674F}
	EndGlobalSection
EndGlobal
