
Microsoft Visual Studio Solution File, Format Version 12.00
# Visual Studio Version 16
VisualStudioVersion = 16.0.30517.126
MinimumVisualStudioVersion = 10.0.40219.1
Project("{9A19103F-16F7-4668-BE54-9A1E7A4F7556}") = "Project_1_Winform", "Project_1_Winform\Project_1_Winform.csproj", "{24C225D5-A858-4DA8-A725-B0B87049A17A}"
EndProject
Project("{778DAE3C-4631-46EA-AA77-85C1314464D9}") = "Project_2_VB_Console", "Project_2_VB_Console\Project_2_VB_Console.vbproj", "{03246858-AD12-4C2A-B9B3-342B9A701340}"
EndProject
Project("{FAE04EC0-301F-11D3-BF4B-00C04F79EFBC}") = "Project_3_ConsoleInput", "Project_3_ConsoleInput\Project_3_ConsoleInput.csproj", "{857A1F18-1889-4465-B54B-8106167BF938}"
EndProject
Global
	GlobalSection(SolutionConfigurationPlatforms) = preSolution
		Debug|Any CPU = Debug|Any CPU
		Release|Any CPU = Release|Any CPU
	EndGlobalSection
	GlobalSection(ProjectConfigurationPlatforms) = postSolution
		{24C225D5-A858-4DA8-A725-B0B87049A17A}.Debug|Any CPU.ActiveCfg = Debug|Any CPU
		{24C225D5-A858-4DA8-A725-B0B87049A17A}.Debug|Any CPU.Build.0 = Debug|Any CPU
		{24C225D5-A858-4DA8-A725-B0B87049A17A}.Release|Any CPU.ActiveCfg = Release|Any CPU
		{24C225D5-A858-4DA8-A725-B0B87049A17A}.Release|Any CPU.Build.0 = Release|Any CPU
		{03246858-AD12-4C2A-B9B3-342B9A701340}.Debug|Any CPU.ActiveCfg = Debug|Any CPU
		{03246858-AD12-4C2A-B9B3-342B9A701340}.Debug|Any CPU.Build.0 = Debug|Any CPU
		{03246858-AD12-4C2A-B9B3-342B9A701340}.Release|Any CPU.ActiveCfg = Release|Any CPU
		{03246858-AD12-4C2A-B9B3-342B9A701340}.Release|Any CPU.Build.0 = Release|Any CPU
		{857A1F18-1889-4465-B54B-8106167BF938}.Debug|Any CPU.ActiveCfg = Debug|Any CPU
		{857A1F18-1889-4465-B54B-8106167BF938}.Debug|Any CPU.Build.0 = Debug|Any CPU
		{857A1F18-1889-4465-B54B-8106167BF938}.Release|Any CPU.ActiveCfg = Release|Any CPU
		{857A1F18-1889-4465-B54B-8106167BF938}.Release|Any CPU.Build.0 = Release|Any CPU
	EndGlobalSection
	GlobalSection(SolutionProperties) = preSolution
		HideSolutionNode = FALSE
	EndGlobalSection
	GlobalSection(ExtensibilityGlobals) = postSolution
		SolutionGuid = {14B1B16F-6E17-4571-9BC4-E7C9F20AF5E3}
	EndGlobalSection
EndGlobal
